
Microsoft Visual Studio Solution File, Format Version 12.00
Project("{FAE04EC0-301F-11D3-BF4B-00C04F79EFBC}") = "Northwind.Common.EntityModels.Sqlite", "Northwind.Common.EntityModels.Sqlite\Northwind.Common.EntityModels.Sqlite.csproj", "{703B7E42-8001-4E21-9B5C-C2C0B180EA48}"
EndProject
Project("{FAE04EC0-301F-11D3-BF4B-00C04F79EFBC}") = "Northwind.Common.DataContext.Sqlite", "Northwind.Common.DataContext.Sqlite\Northwind.Common.DataContext.Sqlite.csproj", "{39CF0940-01A0-4A03-B48C-46FF9CDC0148}"
EndProject
Project("{FAE04EC0-301F-11D3-BF4B-00C04F79EFBC}") = "Northwind.Web", "Northwind.Web\Northwind.Web.csproj", "{05148BE2-E8F1-4A80-B3B5-7E9DEC8E8379}"
EndProject
Project("{FAE04EC0-301F-11D3-BF4B-00C04F79EFBC}") = "Northwind.Razor.Employees", "Northwind.Razor.Employees\Northwind.Razor.Employees.csproj", "{42539F65-9760-4CCD-BF42-718C59A68038}"
EndProject
Project("{FAE04EC0-301F-11D3-BF4B-00C04F79EFBC}") = "Northwind.Mvc", "Northwind.Mvc\Northwind.Mvc.csproj", "{0148F00B-415C-40F9-A708-14E399B4BA2C}"
EndProject
Project("{FAE04EC0-301F-11D3-BF4B-00C04F79EFBC}") = "Northwind.WebApi", "Northwind.WebApi\Northwind.WebApi.csproj", "{D4573821-FB01-4B84-8A04-67D0FC930421}"
EndProject
Global
	GlobalSection(SolutionConfigurationPlatforms) = preSolution
		Debug|Any CPU = Debug|Any CPU
		Release|Any CPU = Release|Any CPU
	EndGlobalSection
	GlobalSection(ProjectConfigurationPlatforms) = postSolution
		{703B7E42-8001-4E21-9B5C-C2C0B180EA48}.Debug|Any CPU.ActiveCfg = Debug|Any CPU
		{703B7E42-8001-4E21-9B5C-C2C0B180EA48}.Debug|Any CPU.Build.0 = Debug|Any CPU
		{703B7E42-8001-4E21-9B5C-C2C0B180EA48}.Release|Any CPU.ActiveCfg = Release|Any CPU
		{703B7E42-8001-4E21-9B5C-C2C0B180EA48}.Release|Any CPU.Build.0 = Release|Any CPU
		{39CF0940-01A0-4A03-B48C-46FF9CDC0148}.Debug|Any CPU.ActiveCfg = Debug|Any CPU
		{39CF0940-01A0-4A03-B48C-46FF9CDC0148}.Debug|Any CPU.Build.0 = Debug|Any CPU
		{39CF0940-01A0-4A03-B48C-46FF9CDC0148}.Release|Any CPU.ActiveCfg = Release|Any CPU
		{39CF0940-01A0-4A03-B48C-46FF9CDC0148}.Release|Any CPU.Build.0 = Release|Any CPU
		{05148BE2-E8F1-4A80-B3B5-7E9DEC8E8379}.Debug|Any CPU.ActiveCfg = Debug|Any CPU
		{05148BE2-E8F1-4A80-B3B5-7E9DEC8E8379}.Debug|Any CPU.Build.0 = Debug|Any CPU
		{05148BE2-E8F1-4A80-B3B5-7E9DEC8E8379}.Release|Any CPU.ActiveCfg = Release|Any CPU
		{05148BE2-E8F1-4A80-B3B5-7E9DEC8E8379}.Release|Any CPU.Build.0 = Release|Any CPU
		{42539F65-9760-4CCD-BF42-718C59A68038}.Debug|Any CPU.ActiveCfg = Debug|Any CPU
		{42539F65-9760-4CCD-BF42-718C59A68038}.Debug|Any CPU.Build.0 = Debug|Any CPU
		{42539F65-9760-4CCD-BF42-718C59A68038}.Release|Any CPU.ActiveCfg = Release|Any CPU
		{42539F65-9760-4CCD-BF42-718C59A68038}.Release|Any CPU.Build.0 = Release|Any CPU
		{0148F00B-415C-40F9-A708-14E399B4BA2C}.Debug|Any CPU.ActiveCfg = Debug|Any CPU
		{0148F00B-415C-40F9-A708-14E399B4BA2C}.Debug|Any CPU.Build.0 = Debug|Any CPU
		{0148F00B-415C-40F9-A708-14E399B4BA2C}.Release|Any CPU.ActiveCfg = Release|Any CPU
		{0148F00B-415C-40F9-A708-14E399B4BA2C}.Release|Any CPU.Build.0 = Release|Any CPU
		{D4573821-FB01-4B84-8A04-67D0FC930421}.Debug|Any CPU.ActiveCfg = Debug|Any CPU
		{D4573821-FB01-4B84-8A04-67D0FC930421}.Debug|Any CPU.Build.0 = Debug|Any CPU
		{D4573821-FB01-4B84-8A04-67D0FC930421}.Release|Any CPU.ActiveCfg = Release|Any CPU
		{D4573821-FB01-4B84-8A04-67D0FC930421}.Release|Any CPU.Build.0 = Release|Any CPU
	EndGlobalSection
EndGlobal
